
Microsoft Visual Studio Solution File, Format Version 11.00
# Visual Studio 2010
Project("{FAE04EC0-301F-11D3-BF4B-00C04F79EFBC}") = "Assembly-CSharp", "Assembly-CSharp.csproj", "{CF710441-5A9E-C52D-7F70-CCEBA67A6141}"
EndProject
Global
	GlobalSection(SolutionConfigurationPlatforms) = preSolution
		Debug|Any CPU = Debug|Any CPU
		Release|Any CPU = Release|Any CPU
	EndGlobalSection
	GlobalSection(ProjectConfigurationPlatforms) = postSolution
		{CF710441-5A9E-C52D-7F70-CCEBA67A6141}.Debug|Any CPU.ActiveCfg = Debug|Any CPU
		{CF710441-5A9E-C52D-7F70-CCEBA67A6141}.Debug|Any CPU.Build.0 = Debug|Any CPU
		{CF710441-5A9E-C52D-7F70-CCEBA67A6141}.Release|Any CPU.ActiveCfg = Release|Any CPU
		{CF710441-5A9E-C52D-7F70-CCEBA67A6141}.Release|Any CPU.Build.0 = Release|Any CPU
	EndGlobalSection
	GlobalSection(SolutionProperties) = preSolution
		HideSolutionNode = FALSE
	EndGlobalSection
EndGlobal
